// !$*UTF8*$!
{
	archiveVersion = 1;
	classes = {
	};
	objectVersion = 55;
	objects = {

/* Begin PBXBuildFile section */
		BC6A4C2E272B96FA00E83996 /* libkmod.a in Frameworks */ = {isa = PBXBuildFile; fileRef = BC6A4C2D272B96FA00E83996 /* libkmod.a */; };
		BC6B9AC327301DE40097B209 /* LICENSE in Resources */ = {isa = PBXBuildFile; fileRef = BC6B9AC127301DE30097B209 /* LICENSE */; };
		BC6B9AC427301DE40097B209 /* README.md in Resources */ = {isa = PBXBuildFile; fileRef = BC6B9AC227301DE40097B209 /* README.md */; };
		BC6B9AC627301E1B0097B209 /* .gitignore in Resources */ = {isa = PBXBuildFile; fileRef = BC6B9AC527301E1B0097B209 /* .gitignore */; };
		BC7211CE2733230B004FF756 /* IntelFirmwareList.h in Headers */ = {isa = PBXBuildFile; fileRef = BCA3E4392732E9F100AC8038 /* IntelFirmwareList.h */; };
		BC7211D0273323B0004FF756 /* Gen1FirmwareBinary.cpp in Sources */ = {isa = PBXBuildFile; fileRef = BC7211CF273323B0004FF756 /* Gen1FirmwareBinary.cpp */; };
		BC7211D127332706004FF756 /* IntelGen2BluetoothHostControllerUSBTransport.h in Headers */ = {isa = PBXBuildFile; fileRef = BC6A4C1E272B963000E83996 /* IntelGen2BluetoothHostControllerUSBTransport.h */; };
		BC7211D22733270B004FF756 /* IntelGen2BluetoothHostControllerUSBTransport.cpp in Sources */ = {isa = PBXBuildFile; fileRef = BC6A4C1F272B963000E83996 /* IntelGen2BluetoothHostControllerUSBTransport.cpp */; };
		BC7211DA27332CEE004FF756 /* Gen2FirmwareBinary.cpp in Sources */ = {isa = PBXBuildFile; fileRef = BC7211D927332CEE004FF756 /* Gen2FirmwareBinary.cpp */; };
		BC7211DB27332DBD004FF756 /* IntelGen3BluetoothHostControllerUSBTransport.h in Headers */ = {isa = PBXBuildFile; fileRef = BC6A4C20272B963100E83996 /* IntelGen3BluetoothHostControllerUSBTransport.h */; };
		BC7211DC27332DC3004FF756 /* IntelGen3BluetoothHostControllerUSBTransport.cpp in Sources */ = {isa = PBXBuildFile; fileRef = BC6A4C1C272B963000E83996 /* IntelGen3BluetoothHostControllerUSBTransport.cpp */; };
		BC7211DE273335DD004FF756 /* Gen3FirmwareBinary.cpp in Sources */ = {isa = PBXBuildFile; fileRef = BC7211DD273335DD004FF756 /* Gen3FirmwareBinary.cpp */; };
		BCA3E43D2733172000AC8038 /* IntelGen1BluetoothHostControllerUSBTransport.cpp in Sources */ = {isa = PBXBuildFile; fileRef = BC6A4C19272B963000E83996 /* IntelGen1BluetoothHostControllerUSBTransport.cpp */; };
		BCA3E43F2733173B00AC8038 /* IntelGen1BluetoothHostControllerUSBTransport.h in Headers */ = {isa = PBXBuildFile; fileRef = BC6A4C1A272B963000E83996 /* IntelGen1BluetoothHostControllerUSBTransport.h */; };
		BCB134662731904600D29EE3 /* libkmod.a in Frameworks */ = {isa = PBXBuildFile; fileRef = BC6A4C2D272B96FA00E83996 /* libkmod.a */; };
		BCB134762731904800D29EE3 /* libkmod.a in Frameworks */ = {isa = PBXBuildFile; fileRef = BC6A4C2D272B96FA00E83996 /* libkmod.a */; };
		BCB134862731904A00D29EE3 /* libkmod.a in Frameworks */ = {isa = PBXBuildFile; fileRef = BC6A4C2D272B96FA00E83996 /* libkmod.a */; };
		BCB134982732095600D29EE3 /* IntelBluetoothHostControllerUSBTransport.cpp in Sources */ = {isa = PBXBuildFile; fileRef = BCDAECAF272D0F4200D24C15 /* IntelBluetoothHostControllerUSBTransport.cpp */; };
		BCB67C64272DC525007711DB /* libkmod.a in Frameworks */ = {isa = PBXBuildFile; fileRef = BC6A4C2D272B96FA00E83996 /* libkmod.a */; };
		BCB67C6C272DF0C6007711DB /* AppleBluetoothHostControllers.h in Headers */ = {isa = PBXBuildFile; fileRef = BCB67C6B272DF01D007711DB /* AppleBluetoothHostControllers.h */; };
		BCB67C6D272DF0C6007711DB /* kern_btfixup.hpp in Headers */ = {isa = PBXBuildFile; fileRef = BCC18145272CC61600FE5090 /* kern_btfixup.hpp */; };
		BCB67C6E272DF0CB007711DB /* kern_start.cpp in Sources */ = {isa = PBXBuildFile; fileRef = BCC18142272CC5B800FE5090 /* kern_start.cpp */; };
		BCB67C6F272DF0CB007711DB /* kern_btfixup.cpp in Sources */ = {isa = PBXBuildFile; fileRef = BCC18144272CC61600FE5090 /* kern_btfixup.cpp */; };
		BCDAEC9A272D04DE00D24C15 /* IntelBluetoothHostControllerTypes.h in Headers */ = {isa = PBXBuildFile; fileRef = BC6A4C18272B963000E83996 /* IntelBluetoothHostControllerTypes.h */; };
		BCDAEC9B272D04DE00D24C15 /* IntelBluetoothHostController.h in Headers */ = {isa = PBXBuildFile; fileRef = BC6A4C1D272B963000E83996 /* IntelBluetoothHostController.h */; };
		BCDAEC9F272D04F100D24C15 /* IntelBluetoothHostController.cpp in Sources */ = {isa = PBXBuildFile; fileRef = BC6A4C1B272B963000E83996 /* IntelBluetoothHostController.cpp */; };
		BCDAECB8272D0F8400D24C15 /* IntelBluetoothHostControllerUSBTransport.h in Headers */ = {isa = PBXBuildFile; fileRef = BCDAECB6272D0F8300D24C15 /* IntelBluetoothHostControllerUSBTransport.h */; };
		BCDAECB9272D0FE800D24C15 /* libkmod.a in Frameworks */ = {isa = PBXBuildFile; fileRef = BC6A4C2D272B96FA00E83996 /* libkmod.a */; };
/* End PBXBuildFile section */

/* Begin PBXCopyFilesBuildPhase section */
		BC6B9ABF27301BBC0097B209 /* Copy to PlugIns */ = {
			isa = PBXCopyFilesBuildPhase;
			buildActionMask = 12;
			dstPath = "";
			dstSubfolderSpec = 13;
			files = (
			);
			name = "Copy to PlugIns";
			runOnlyForDeploymentPostprocessing = 0;
		};
/* End PBXCopyFilesBuildPhase section */

/* Begin PBXFileReference section */
		BC6A4C0B272B960100E83996 /* IntelBluetoothFamily.kext */ = {isa = PBXFileReference; explicitFileType = wrapper.cfbundle; includeInIndex = 0; path = IntelBluetoothFamily.kext; sourceTree = BUILT_PRODUCTS_DIR; };
		BC6A4C12272B960100E83996 /* Info.plist */ = {isa = PBXFileReference; lastKnownFileType = text.plist.xml; path = Info.plist; sourceTree = "<group>"; };
		BC6A4C18272B963000E83996 /* IntelBluetoothHostControllerTypes.h */ = {isa = PBXFileReference; fileEncoding = 4; lastKnownFileType = sourcecode.c.h; path = IntelBluetoothHostControllerTypes.h; sourceTree = "<group>"; };
		BC6A4C19272B963000E83996 /* IntelGen1BluetoothHostControllerUSBTransport.cpp */ = {isa = PBXFileReference; fileEncoding = 4; lastKnownFileType = sourcecode.cpp.cpp; path = IntelGen1BluetoothHostControllerUSBTransport.cpp; sourceTree = "<group>"; };
		BC6A4C1A272B963000E83996 /* IntelGen1BluetoothHostControllerUSBTransport.h */ = {isa = PBXFileReference; fileEncoding = 4; lastKnownFileType = sourcecode.c.h; path = IntelGen1BluetoothHostControllerUSBTransport.h; sourceTree = "<group>"; };
		BC6A4C1B272B963000E83996 /* IntelBluetoothHostController.cpp */ = {isa = PBXFileReference; fileEncoding = 4; lastKnownFileType = sourcecode.cpp.cpp; path = IntelBluetoothHostController.cpp; sourceTree = "<group>"; };
		BC6A4C1C272B963000E83996 /* IntelGen3BluetoothHostControllerUSBTransport.cpp */ = {isa = PBXFileReference; fileEncoding = 4; lastKnownFileType = sourcecode.cpp.cpp; path = IntelGen3BluetoothHostControllerUSBTransport.cpp; sourceTree = "<group>"; };
		BC6A4C1D272B963000E83996 /* IntelBluetoothHostController.h */ = {isa = PBXFileReference; fileEncoding = 4; lastKnownFileType = sourcecode.c.h; path = IntelBluetoothHostController.h; sourceTree = "<group>"; };
		BC6A4C1E272B963000E83996 /* IntelGen2BluetoothHostControllerUSBTransport.h */ = {isa = PBXFileReference; fileEncoding = 4; lastKnownFileType = sourcecode.c.h; path = IntelGen2BluetoothHostControllerUSBTransport.h; sourceTree = "<group>"; };
		BC6A4C1F272B963000E83996 /* IntelGen2BluetoothHostControllerUSBTransport.cpp */ = {isa = PBXFileReference; fileEncoding = 4; lastKnownFileType = sourcecode.cpp.cpp; path = IntelGen2BluetoothHostControllerUSBTransport.cpp; sourceTree = "<group>"; };
		BC6A4C20272B963100E83996 /* IntelGen3BluetoothHostControllerUSBTransport.h */ = {isa = PBXFileReference; fileEncoding = 4; lastKnownFileType = sourcecode.c.h; path = IntelGen3BluetoothHostControllerUSBTransport.h; sourceTree = "<group>"; };
		BC6A4C2A272B965E00E83996 /* MacKernelSDK */ = {isa = PBXFileReference; lastKnownFileType = folder; name = MacKernelSDK; path = ../../../MacKernelSDK; sourceTree = "<group>"; };
		BC6A4C2D272B96FA00E83996 /* libkmod.a */ = {isa = PBXFileReference; lastKnownFileType = archive.ar; name = libkmod.a; path = ../../../MacKernelSDK/Library/x86_64/libkmod.a; sourceTree = "<group>"; };
		BC6B9AC127301DE30097B209 /* LICENSE */ = {isa = PBXFileReference; fileEncoding = 4; lastKnownFileType = text; path = LICENSE; sourceTree = "<group>"; };
		BC6B9AC227301DE40097B209 /* README.md */ = {isa = PBXFileReference; fileEncoding = 4; lastKnownFileType = net.daringfireball.markdown; path = README.md; sourceTree = "<group>"; };
		BC6B9AC527301E1B0097B209 /* .gitignore */ = {isa = PBXFileReference; fileEncoding = 4; lastKnownFileType = text; path = .gitignore; sourceTree = "<group>"; };
		BC7211CF273323B0004FF756 /* Gen1FirmwareBinary.cpp */ = {isa = PBXFileReference; fileEncoding = 4; lastKnownFileType = sourcecode.cpp.cpp; name = Gen1FirmwareBinary.cpp; path = ../../Intermediates.noindex/IntelBluetoothFamily.build/Debug/IntelGen1BluetoothHostControllerUSBTransport.build/DerivedSources/Gen1FirmwareBinary.cpp; sourceTree = BUILT_PRODUCTS_DIR; };
		BC7211D927332CEE004FF756 /* Gen2FirmwareBinary.cpp */ = {isa = PBXFileReference; fileEncoding = 4; lastKnownFileType = sourcecode.cpp.cpp; name = Gen2FirmwareBinary.cpp; path = ../../Intermediates.noindex/IntelBluetoothFamily.build/Debug/IntelGen2BluetoothHostControllerUSBTransport.build/DerivedSources/Gen2FirmwareBinary.cpp; sourceTree = BUILT_PRODUCTS_DIR; };
		BC7211DD273335DD004FF756 /* Gen3FirmwareBinary.cpp */ = {isa = PBXFileReference; fileEncoding = 4; lastKnownFileType = sourcecode.cpp.cpp; name = Gen3FirmwareBinary.cpp; path = ../../Intermediates.noindex/IntelBluetoothFamily.build/Debug/IntelGen3BluetoothHostControllerUSBTransport.build/DerivedSources/Gen3FirmwareBinary.cpp; sourceTree = BUILT_PRODUCTS_DIR; };
		BCA3E4312732E9AC00AC8038 /* Info.plist */ = {isa = PBXFileReference; fileEncoding = 4; lastKnownFileType = text.plist.xml; path = Info.plist; sourceTree = "<group>"; };
		BCA3E4332732E9BE00AC8038 /* Info.plist */ = {isa = PBXFileReference; fileEncoding = 4; lastKnownFileType = text.plist.xml; path = Info.plist; sourceTree = "<group>"; };
		BCA3E4382732E9F100AC8038 /* Info.plist */ = {isa = PBXFileReference; fileEncoding = 4; lastKnownFileType = text.plist.xml; path = Info.plist; sourceTree = "<group>"; };
		BCA3E4392732E9F100AC8038 /* IntelFirmwareList.h */ = {isa = PBXFileReference; fileEncoding = 4; lastKnownFileType = sourcecode.c.h; path = IntelFirmwareList.h; sourceTree = "<group>"; };
		BCB1346B2731904600D29EE3 /* IntelGen1BluetoothHostControllerUSBTransport.kext */ = {isa = PBXFileReference; explicitFileType = wrapper.cfbundle; includeInIndex = 0; path = IntelGen1BluetoothHostControllerUSBTransport.kext; sourceTree = BUILT_PRODUCTS_DIR; };
		BCB1347B2731904800D29EE3 /* IntelGen2BluetoothHostControllerUSBTransport.kext */ = {isa = PBXFileReference; explicitFileType = wrapper.cfbundle; includeInIndex = 0; path = IntelGen2BluetoothHostControllerUSBTransport.kext; sourceTree = BUILT_PRODUCTS_DIR; };
		BCB1348B2731904A00D29EE3 /* IntelGen3BluetoothHostControllerUSBTransport.kext */ = {isa = PBXFileReference; explicitFileType = wrapper.cfbundle; includeInIndex = 0; path = IntelGen3BluetoothHostControllerUSBTransport.kext; sourceTree = BUILT_PRODUCTS_DIR; };
		BCB134912731A94700D29EE3 /* Firmwares */ = {isa = PBXFileReference; lastKnownFileType = folder; path = Firmwares; sourceTree = "<group>"; };
		BCB134922731A95100D29EE3 /* Firmwares */ = {isa = PBXFileReference; lastKnownFileType = folder; path = Firmwares; sourceTree = "<group>"; };
		BCB134932731A95A00D29EE3 /* Firmwares */ = {isa = PBXFileReference; lastKnownFileType = folder; path = Firmwares; sourceTree = "<group>"; };
		BCB67C52272DC2F1007711DB /* Lilu.kext */ = {isa = PBXFileReference; lastKnownFileType = "wrapper.kernel-extension"; path = Lilu.kext; sourceTree = "<group>"; };
		BCB67C58272DC4A3007711DB /* IOBluetoothFixup.kext */ = {isa = PBXFileReference; explicitFileType = wrapper.cfbundle; includeInIndex = 0; path = IOBluetoothFixup.kext; sourceTree = BUILT_PRODUCTS_DIR; };
		BCB67C62272DC4FF007711DB /* Info.plist */ = {isa = PBXFileReference; lastKnownFileType = text.plist.xml; path = Info.plist; sourceTree = "<group>"; };
		BCB67C6B272DF01D007711DB /* AppleBluetoothHostControllers.h */ = {isa = PBXFileReference; lastKnownFileType = sourcecode.c.h; path = AppleBluetoothHostControllers.h; sourceTree = "<group>"; };
		BCB67CBF272E3468007711DB /* fw_gen.py */ = {isa = PBXFileReference; lastKnownFileType = text.script.python; path = fw_gen.py; sourceTree = "<group>"; };
		BCC18142272CC5B800FE5090 /* kern_start.cpp */ = {isa = PBXFileReference; lastKnownFileType = sourcecode.cpp.cpp; path = kern_start.cpp; sourceTree = "<group>"; };
		BCC18144272CC61600FE5090 /* kern_btfixup.cpp */ = {isa = PBXFileReference; lastKnownFileType = sourcecode.cpp.cpp; path = kern_btfixup.cpp; sourceTree = "<group>"; };
		BCC18145272CC61600FE5090 /* kern_btfixup.hpp */ = {isa = PBXFileReference; lastKnownFileType = sourcecode.cpp.h; path = kern_btfixup.hpp; sourceTree = "<group>"; };
		BCC55EAA272BB89500A116A2 /* OpenFirmwareManager.kext */ = {isa = PBXFileReference; lastKnownFileType = "wrapper.kernel-extension"; path = OpenFirmwareManager.kext; sourceTree = "<group>"; };
		BCDAECAB272D0F4200D24C15 /* IntelBluetoothHostControllerUSBTransport.kext */ = {isa = PBXFileReference; explicitFileType = wrapper.cfbundle; includeInIndex = 0; path = IntelBluetoothHostControllerUSBTransport.kext; sourceTree = BUILT_PRODUCTS_DIR; };
		BCDAECAF272D0F4200D24C15 /* IntelBluetoothHostControllerUSBTransport.cpp */ = {isa = PBXFileReference; lastKnownFileType = sourcecode.cpp.cpp; path = IntelBluetoothHostControllerUSBTransport.cpp; sourceTree = "<group>"; };
		BCDAECB1272D0F4200D24C15 /* Info.plist */ = {isa = PBXFileReference; lastKnownFileType = text.plist.xml; path = Info.plist; sourceTree = "<group>"; };
		BCDAECB6272D0F8300D24C15 /* IntelBluetoothHostControllerUSBTransport.h */ = {isa = PBXFileReference; fileEncoding = 4; lastKnownFileType = sourcecode.c.h; path = IntelBluetoothHostControllerUSBTransport.h; sourceTree = "<group>"; };
/* End PBXFileReference section */

/* Begin PBXFrameworksBuildPhase section */
		BC6A4C08272B960100E83996 /* Frameworks */ = {
			isa = PBXFrameworksBuildPhase;
			buildActionMask = 2147483647;
			files = (
				BC6A4C2E272B96FA00E83996 /* libkmod.a in Frameworks */,
			);
			runOnlyForDeploymentPostprocessing = 0;
		};
		BCB134652731904600D29EE3 /* Frameworks */ = {
			isa = PBXFrameworksBuildPhase;
			buildActionMask = 2147483647;
			files = (
				BCB134662731904600D29EE3 /* libkmod.a in Frameworks */,
			);
			runOnlyForDeploymentPostprocessing = 0;
		};
		BCB134752731904800D29EE3 /* Frameworks */ = {
			isa = PBXFrameworksBuildPhase;
			buildActionMask = 2147483647;
			files = (
				BCB134762731904800D29EE3 /* libkmod.a in Frameworks */,
			);
			runOnlyForDeploymentPostprocessing = 0;
		};
		BCB134852731904A00D29EE3 /* Frameworks */ = {
			isa = PBXFrameworksBuildPhase;
			buildActionMask = 2147483647;
			files = (
				BCB134862731904A00D29EE3 /* libkmod.a in Frameworks */,
			);
			runOnlyForDeploymentPostprocessing = 0;
		};
		BCB67C55272DC4A3007711DB /* Frameworks */ = {
			isa = PBXFrameworksBuildPhase;
			buildActionMask = 2147483647;
			files = (
				BCB67C64272DC525007711DB /* libkmod.a in Frameworks */,
			);
			runOnlyForDeploymentPostprocessing = 0;
		};
		BCDAECA8272D0F4200D24C15 /* Frameworks */ = {
			isa = PBXFrameworksBuildPhase;
			buildActionMask = 2147483647;
			files = (
				BCDAECB9272D0FE800D24C15 /* libkmod.a in Frameworks */,
			);
			runOnlyForDeploymentPostprocessing = 0;
		};
/* End PBXFrameworksBuildPhase section */

/* Begin PBXGroup section */
		BC6A4C01272B960100E83996 = {
			isa = PBXGroup;
			children = (
				BCB67C52272DC2F1007711DB /* Lilu.kext */,
				BCC55EAA272BB89500A116A2 /* OpenFirmwareManager.kext */,
				BC6A4C2A272B965E00E83996 /* MacKernelSDK */,
				BCC18141272CC59500FE5090 /* IOBluetoothFixup */,
				BC6A4C0D272B960100E83996 /* IntelBluetoothFamily */,
				BCDAECAC272D0F4200D24C15 /* IntelBluetoothHostControllerUSBTransport */,
				BCB1348D2731908900D29EE3 /* IntelGen1BluetoothHostControllerUSBTransport */,
				BCB13490273190BD00D29EE3 /* IntelGen2BluetoothHostControllerUSBTransport */,
				BCB1348F273190A900D29EE3 /* IntelGen3BluetoothHostControllerUSBTransport */,
				BCB67CBF272E3468007711DB /* fw_gen.py */,
				BC6B9AC527301E1B0097B209 /* .gitignore */,
				BC6B9AC127301DE30097B209 /* LICENSE */,
				BC6B9AC227301DE40097B209 /* README.md */,
				BC6A4C0C272B960100E83996 /* Products */,
				BC6A4C2C272B96FA00E83996 /* Frameworks */,
			);
			sourceTree = "<group>";
		};
		BC6A4C0C272B960100E83996 /* Products */ = {
			isa = PBXGroup;
			children = (
				BC6A4C0B272B960100E83996 /* IntelBluetoothFamily.kext */,
				BCDAECAB272D0F4200D24C15 /* IntelBluetoothHostControllerUSBTransport.kext */,
				BCB67C58272DC4A3007711DB /* IOBluetoothFixup.kext */,
				BCB1346B2731904600D29EE3 /* IntelGen1BluetoothHostControllerUSBTransport.kext */,
				BCB1347B2731904800D29EE3 /* IntelGen2BluetoothHostControllerUSBTransport.kext */,
				BCB1348B2731904A00D29EE3 /* IntelGen3BluetoothHostControllerUSBTransport.kext */,
			);
			name = Products;
			sourceTree = "<group>";
		};
		BC6A4C0D272B960100E83996 /* IntelBluetoothFamily */ = {
			isa = PBXGroup;
			children = (
				BC6A4C18272B963000E83996 /* IntelBluetoothHostControllerTypes.h */,
				BC6A4C1D272B963000E83996 /* IntelBluetoothHostController.h */,
				BC6A4C1B272B963000E83996 /* IntelBluetoothHostController.cpp */,
				BC6A4C12272B960100E83996 /* Info.plist */,
			);
			path = IntelBluetoothFamily;
			sourceTree = "<group>";
		};
		BC6A4C2C272B96FA00E83996 /* Frameworks */ = {
			isa = PBXGroup;
			children = (
				BC6A4C2D272B96FA00E83996 /* libkmod.a */,
			);
			name = Frameworks;
			sourceTree = "<group>";
		};
		BCB1348D2731908900D29EE3 /* IntelGen1BluetoothHostControllerUSBTransport */ = {
			isa = PBXGroup;
			children = (
				BCB134912731A94700D29EE3 /* Firmwares */,
				BC6A4C1A272B963000E83996 /* IntelGen1BluetoothHostControllerUSBTransport.h */,
				BC6A4C19272B963000E83996 /* IntelGen1BluetoothHostControllerUSBTransport.cpp */,
				BC7211CF273323B0004FF756 /* Gen1FirmwareBinary.cpp */,
				BCA3E4312732E9AC00AC8038 /* Info.plist */,
			);
			path = IntelGen1BluetoothHostControllerUSBTransport;
			sourceTree = "<group>";
		};
		BCB1348F273190A900D29EE3 /* IntelGen3BluetoothHostControllerUSBTransport */ = {
			isa = PBXGroup;
			children = (
				BCB134932731A95A00D29EE3 /* Firmwares */,
				BC6A4C20272B963100E83996 /* IntelGen3BluetoothHostControllerUSBTransport.h */,
				BC6A4C1C272B963000E83996 /* IntelGen3BluetoothHostControllerUSBTransport.cpp */,
				BC7211DD273335DD004FF756 /* Gen3FirmwareBinary.cpp */,
				BCA3E4382732E9F100AC8038 /* Info.plist */,
			);
			path = IntelGen3BluetoothHostControllerUSBTransport;
			sourceTree = "<group>";
		};
		BCB13490273190BD00D29EE3 /* IntelGen2BluetoothHostControllerUSBTransport */ = {
			isa = PBXGroup;
			children = (
				BCB134922731A95100D29EE3 /* Firmwares */,
				BC6A4C1E272B963000E83996 /* IntelGen2BluetoothHostControllerUSBTransport.h */,
				BC6A4C1F272B963000E83996 /* IntelGen2BluetoothHostControllerUSBTransport.cpp */,
				BC7211D927332CEE004FF756 /* Gen2FirmwareBinary.cpp */,
				BCA3E4332732E9BE00AC8038 /* Info.plist */,
			);
			path = IntelGen2BluetoothHostControllerUSBTransport;
			sourceTree = "<group>";
		};
		BCC18141272CC59500FE5090 /* IOBluetoothFixup */ = {
			isa = PBXGroup;
			children = (
				BCB67C6B272DF01D007711DB /* AppleBluetoothHostControllers.h */,
				BCC18142272CC5B800FE5090 /* kern_start.cpp */,
				BCC18145272CC61600FE5090 /* kern_btfixup.hpp */,
				BCC18144272CC61600FE5090 /* kern_btfixup.cpp */,
				BCB67C62272DC4FF007711DB /* Info.plist */,
			);
			path = IOBluetoothFixup;
			sourceTree = "<group>";
		};
		BCDAECAC272D0F4200D24C15 /* IntelBluetoothHostControllerUSBTransport */ = {
			isa = PBXGroup;
			children = (
				BCA3E4392732E9F100AC8038 /* IntelFirmwareList.h */,
				BCDAECB6272D0F8300D24C15 /* IntelBluetoothHostControllerUSBTransport.h */,
				BCDAECAF272D0F4200D24C15 /* IntelBluetoothHostControllerUSBTransport.cpp */,
				BCDAECB1272D0F4200D24C15 /* Info.plist */,
			);
			path = IntelBluetoothHostControllerUSBTransport;
			sourceTree = "<group>";
		};
/* End PBXGroup section */

/* Begin PBXHeadersBuildPhase section */
		BC6A4C06272B960100E83996 /* Headers */ = {
			isa = PBXHeadersBuildPhase;
			buildActionMask = 2147483647;
			files = (
				BCDAEC9A272D04DE00D24C15 /* IntelBluetoothHostControllerTypes.h in Headers */,
				BCDAEC9B272D04DE00D24C15 /* IntelBluetoothHostController.h in Headers */,
			);
			runOnlyForDeploymentPostprocessing = 0;
		};
		BCB1345F2731904600D29EE3 /* Headers */ = {
			isa = PBXHeadersBuildPhase;
			buildActionMask = 2147483647;
			files = (
				BCA3E43F2733173B00AC8038 /* IntelGen1BluetoothHostControllerUSBTransport.h in Headers */,
			);
			runOnlyForDeploymentPostprocessing = 0;
		};
		BCB1346F2731904800D29EE3 /* Headers */ = {
			isa = PBXHeadersBuildPhase;
			buildActionMask = 2147483647;
			files = (
				BC7211D127332706004FF756 /* IntelGen2BluetoothHostControllerUSBTransport.h in Headers */,
			);
			runOnlyForDeploymentPostprocessing = 0;
		};
		BCB1347F2731904A00D29EE3 /* Headers */ = {
			isa = PBXHeadersBuildPhase;
			buildActionMask = 2147483647;
			files = (
				BC7211DB27332DBD004FF756 /* IntelGen3BluetoothHostControllerUSBTransport.h in Headers */,
			);
			runOnlyForDeploymentPostprocessing = 0;
		};
		BCB67C53272DC4A3007711DB /* Headers */ = {
			isa = PBXHeadersBuildPhase;
			buildActionMask = 2147483647;
			files = (
				BCB67C6C272DF0C6007711DB /* AppleBluetoothHostControllers.h in Headers */,
				BCB67C6D272DF0C6007711DB /* kern_btfixup.hpp in Headers */,
			);
			runOnlyForDeploymentPostprocessing = 0;
		};
		BCDAECA6272D0F4200D24C15 /* Headers */ = {
			isa = PBXHeadersBuildPhase;
			buildActionMask = 2147483647;
			files = (
				BC7211CE2733230B004FF756 /* IntelFirmwareList.h in Headers */,
				BCDAECB8272D0F8400D24C15 /* IntelBluetoothHostControllerUSBTransport.h in Headers */,
			);
			runOnlyForDeploymentPostprocessing = 0;
		};
/* End PBXHeadersBuildPhase section */

/* Begin PBXNativeTarget section */
		BC6A4C0A272B960100E83996 /* IntelBluetoothFamily */ = {
			isa = PBXNativeTarget;
			buildConfigurationList = BC6A4C15272B960100E83996 /* Build configuration list for PBXNativeTarget "IntelBluetoothFamily" */;
			buildPhases = (
				BC6A4C06272B960100E83996 /* Headers */,
				BC6A4C07272B960100E83996 /* Sources */,
				BC6A4C08272B960100E83996 /* Frameworks */,
				BC6B9ABF27301BBC0097B209 /* Copy to PlugIns */,
				BC6A4C09272B960100E83996 /* Resources */,
			);
			buildRules = (
			);
			dependencies = (
			);
			name = IntelBluetoothFamily;
			productName = IntelBluetoothFamily;
			productReference = BC6A4C0B272B960100E83996 /* IntelBluetoothFamily.kext */;
			productType = "com.apple.product-type.kernel-extension";
		};
		BCB1345D2731904600D29EE3 /* IntelGen1BluetoothHostControllerUSBTransport */ = {
			isa = PBXNativeTarget;
			buildConfigurationList = BCB134682731904600D29EE3 /* Build configuration list for PBXNativeTarget "IntelGen1BluetoothHostControllerUSBTransport" */;
			buildPhases = (
				BCB1345E2731904600D29EE3 /* Firmware Generation */,
				BCB1345F2731904600D29EE3 /* Headers */,
				BCB134622731904600D29EE3 /* Sources */,
				BCB134652731904600D29EE3 /* Frameworks */,
				BCB134672731904600D29EE3 /* Resources */,
			);
			buildRules = (
			);
			dependencies = (
			);
			name = IntelGen1BluetoothHostControllerUSBTransport;
			productName = IntelBluetoothHostControllerUSBTransport;
			productReference = BCB1346B2731904600D29EE3 /* IntelGen1BluetoothHostControllerUSBTransport.kext */;
			productType = "com.apple.product-type.kernel-extension";
		};
		BCB1346D2731904800D29EE3 /* IntelGen2BluetoothHostControllerUSBTransport */ = {
			isa = PBXNativeTarget;
			buildConfigurationList = BCB134782731904800D29EE3 /* Build configuration list for PBXNativeTarget "IntelGen2BluetoothHostControllerUSBTransport" */;
			buildPhases = (
				BCB1346E2731904800D29EE3 /* Firmware Generation */,
				BCB1346F2731904800D29EE3 /* Headers */,
				BCB134722731904800D29EE3 /* Sources */,
				BCB134752731904800D29EE3 /* Frameworks */,
				BCB134772731904800D29EE3 /* Resources */,
			);
			buildRules = (
			);
			dependencies = (
			);
			name = IntelGen2BluetoothHostControllerUSBTransport;
			productName = IntelBluetoothHostControllerUSBTransport;
			productReference = BCB1347B2731904800D29EE3 /* IntelGen2BluetoothHostControllerUSBTransport.kext */;
			productType = "com.apple.product-type.kernel-extension";
		};
		BCB1347D2731904A00D29EE3 /* IntelGen3BluetoothHostControllerUSBTransport */ = {
			isa = PBXNativeTarget;
			buildConfigurationList = BCB134882731904A00D29EE3 /* Build configuration list for PBXNativeTarget "IntelGen3BluetoothHostControllerUSBTransport" */;
			buildPhases = (
				BCB1347E2731904A00D29EE3 /* Firmware Generation */,
				BCB1347F2731904A00D29EE3 /* Headers */,
				BCB134822731904A00D29EE3 /* Sources */,
				BCB134852731904A00D29EE3 /* Frameworks */,
				BCB134872731904A00D29EE3 /* Resources */,
			);
			buildRules = (
			);
			dependencies = (
			);
			name = IntelGen3BluetoothHostControllerUSBTransport;
			productName = IntelBluetoothHostControllerUSBTransport;
			productReference = BCB1348B2731904A00D29EE3 /* IntelGen3BluetoothHostControllerUSBTransport.kext */;
			productType = "com.apple.product-type.kernel-extension";
		};
		BCB67C57272DC4A3007711DB /* IOBluetoothFixup */ = {
			isa = PBXNativeTarget;
			buildConfigurationList = BCB67C5F272DC4A3007711DB /* Build configuration list for PBXNativeTarget "IOBluetoothFixup" */;
			buildPhases = (
				BCB67C53272DC4A3007711DB /* Headers */,
				BCB67C54272DC4A3007711DB /* Sources */,
				BCB67C55272DC4A3007711DB /* Frameworks */,
				BCB67C56272DC4A3007711DB /* Resources */,
			);
			buildRules = (
			);
			dependencies = (
			);
			name = IOBluetoothFixup;
			productName = IOBluetoothFixup;
			productReference = BCB67C58272DC4A3007711DB /* IOBluetoothFixup.kext */;
			productType = "com.apple.product-type.kernel-extension";
		};
		BCDAECAA272D0F4200D24C15 /* IntelBluetoothHostControllerUSBTransport */ = {
			isa = PBXNativeTarget;
			buildConfigurationList = BCDAECB2272D0F4200D24C15 /* Build configuration list for PBXNativeTarget "IntelBluetoothHostControllerUSBTransport" */;
			buildPhases = (
				BCDAECA6272D0F4200D24C15 /* Headers */,
				BCDAECA7272D0F4200D24C15 /* Sources */,
				BCDAECA8272D0F4200D24C15 /* Frameworks */,
				BCDAECA9272D0F4200D24C15 /* Resources */,
			);
			buildRules = (
			);
			dependencies = (
			);
			name = IntelBluetoothHostControllerUSBTransport;
			productName = IntelBluetoothHostControllerUSBTransport;
			productReference = BCDAECAB272D0F4200D24C15 /* IntelBluetoothHostControllerUSBTransport.kext */;
			productType = "com.apple.product-type.kernel-extension";
		};
/* End PBXNativeTarget section */

/* Begin PBXProject section */
		BC6A4C02272B960100E83996 /* Project object */ = {
			isa = PBXProject;
			attributes = {
				BuildIndependentTargetsInParallel = 1;
				LastUpgradeCheck = 1300;
				TargetAttributes = {
					BC6A4C0A272B960100E83996 = {
						CreatedOnToolsVersion = 13.0;
					};
					BCB67C57272DC4A3007711DB = {
						CreatedOnToolsVersion = 13.0;
					};
					BCDAECAA272D0F4200D24C15 = {
						CreatedOnToolsVersion = 13.0;
					};
				};
			};
			buildConfigurationList = BC6A4C05272B960100E83996 /* Build configuration list for PBXProject "IntelBluetoothFamily" */;
			compatibilityVersion = "Xcode 13.0";
			developmentRegion = en;
			hasScannedForEncodings = 0;
			knownRegions = (
				en,
				Base,
			);
			mainGroup = BC6A4C01272B960100E83996;
			productRefGroup = BC6A4C0C272B960100E83996 /* Products */;
			projectDirPath = "";
			projectRoot = "";
			targets = (
				BCB67C57272DC4A3007711DB /* IOBluetoothFixup */,
				BC6A4C0A272B960100E83996 /* IntelBluetoothFamily */,
				BCDAECAA272D0F4200D24C15 /* IntelBluetoothHostControllerUSBTransport */,
				BCB1345D2731904600D29EE3 /* IntelGen1BluetoothHostControllerUSBTransport */,
				BCB1346D2731904800D29EE3 /* IntelGen2BluetoothHostControllerUSBTransport */,
				BCB1347D2731904A00D29EE3 /* IntelGen3BluetoothHostControllerUSBTransport */,
			);
		};
/* End PBXProject section */

/* Begin PBXResourcesBuildPhase section */
		BC6A4C09272B960100E83996 /* Resources */ = {
			isa = PBXResourcesBuildPhase;
			buildActionMask = 2147483647;
			files = (
			);
			runOnlyForDeploymentPostprocessing = 0;
		};
		BCB134672731904600D29EE3 /* Resources */ = {
			isa = PBXResourcesBuildPhase;
			buildActionMask = 2147483647;
			files = (
			);
			runOnlyForDeploymentPostprocessing = 0;
		};
		BCB134772731904800D29EE3 /* Resources */ = {
			isa = PBXResourcesBuildPhase;
			buildActionMask = 2147483647;
			files = (
			);
			runOnlyForDeploymentPostprocessing = 0;
		};
		BCB134872731904A00D29EE3 /* Resources */ = {
			isa = PBXResourcesBuildPhase;
			buildActionMask = 2147483647;
			files = (
			);
			runOnlyForDeploymentPostprocessing = 0;
		};
		BCB67C56272DC4A3007711DB /* Resources */ = {
			isa = PBXResourcesBuildPhase;
			buildActionMask = 2147483647;
			files = (
				BC6B9AC427301DE40097B209 /* README.md in Resources */,
				BC6B9AC627301E1B0097B209 /* .gitignore in Resources */,
				BC6B9AC327301DE40097B209 /* LICENSE in Resources */,
			);
			runOnlyForDeploymentPostprocessing = 0;
		};
		BCDAECA9272D0F4200D24C15 /* Resources */ = {
			isa = PBXResourcesBuildPhase;
			buildActionMask = 2147483647;
			files = (
			);
			runOnlyForDeploymentPostprocessing = 0;
		};
/* End PBXResourcesBuildPhase section */

/* Begin PBXShellScriptBuildPhase section */
		BCB1345E2731904600D29EE3 /* Firmware Generation */ = {
			isa = PBXShellScriptBuildPhase;
			buildActionMask = 2147483647;
			files = (
			);
			inputFileListPaths = (
			);
			inputPaths = (
			);
			name = "Firmware Generation";
			outputFileListPaths = (
			);
			outputPaths = (
				"$(DERIVED_FILES_DIR)/FirmwareBinary.cpp",
			);
			runOnlyForDeploymentPostprocessing = 0;
			shellPath = /bin/sh;
			shellScript = "#!/bin/bash\n\n#\n# Released under \"The GNU General Public License (GPL-2.0)\"\n#\n# Copyright (c) 2021 cjiang. All rights reserved.\n#\n# This program is free software; you can redistribute it and/or modify it\n# under the terms of the GNU General Public License as published by the\n# Free Software Foundation; either version 2 of the License, or (at your\n# option) any later version.\n#\n# This program is distributed in the hope that it will be useful, but\n# WITHOUT ANY WARRANTY; without even the implied warranty of MERCHANTABILITY\n# or FITNESS FOR A PARTICULAR PURPOSE. See the GNU General Public License\n# for more details.\n#\n# You should have received a copy of the GNU General Public License along\n# with this program; if not, write to the Free Software Foundation, Inc.,\n# 59 Temple Place, Suite 330, Boston, MA 02111-1307 USA\n#\n\nscript_file=\"${PROJECT_DIR}/fw_gen.py\"\ntarget_file=\"${DERIVED_FILES_DIR}/Gen1FirmwareBinary.cpp\"\nfw_files=\"${PROJECT_DIR}/IntelGen1BluetoothHostControllerUSBTransport/Firmwares/\"\n\nrm \"$target_file\"\n\npython \"$script_file\" \"$target_file\" \"$fw_files\" \"bseq\"\n";
		};
		BCB1346E2731904800D29EE3 /* Firmware Generation */ = {
			isa = PBXShellScriptBuildPhase;
			buildActionMask = 2147483647;
			files = (
			);
			inputFileListPaths = (
			);
			inputPaths = (
			);
			name = "Firmware Generation";
			outputFileListPaths = (
			);
			outputPaths = (
				"$(DERIVED_FILES_DIR)/FirmwareBinary.cpp",
			);
			runOnlyForDeploymentPostprocessing = 0;
			shellPath = /bin/sh;
			shellScript = "#!/bin/bash\n\n#\n# Released under \"The GNU General Public License (GPL-2.0)\"\n#\n# Copyright (c) 2021 cjiang. All rights reserved.\n#\n# This program is free software; you can redistribute it and/or modify it\n# under the terms of the GNU General Public License as published by the\n# Free Software Foundation; either version 2 of the License, or (at your\n# option) any later version.\n#\n# This program is distributed in the hope that it will be useful, but\n# WITHOUT ANY WARRANTY; without even the implied warranty of MERCHANTABILITY\n# or FITNESS FOR A PARTICULAR PURPOSE. See the GNU General Public License\n# for more details.\n#\n# You should have received a copy of the GNU General Public License along\n# with this program; if not, write to the Free Software Foundation, Inc.,\n# 59 Temple Place, Suite 330, Boston, MA 02111-1307 USA\n#\n\nscript_file=\"${PROJECT_DIR}/fw_gen.py\"\ntarget_file=\"${DERIVED_FILES_DIR}/Gen2FirmwareBinary.cpp\"\nfw_files=\"${PROJECT_DIR}/IntelGen2BluetoothHostControllerUSBTransport/Firmwares/\"\n\nrm \"$target_file\"\n\npython \"$script_file\" \"$target_file\" \"$fw_files\" \"sfi,ddc\"\n";
		};
		BCB1347E2731904A00D29EE3 /* Firmware Generation */ = {
			isa = PBXShellScriptBuildPhase;
			buildActionMask = 2147483647;
			files = (
			);
			inputFileListPaths = (
			);
			inputPaths = (
			);
			name = "Firmware Generation";
			outputFileListPaths = (
			);
			outputPaths = (
				"$(DERIVED_FILES_DIR)/FirmwareBinary.cpp",
			);
			runOnlyForDeploymentPostprocessing = 0;
			shellPath = /bin/sh;
			shellScript = "#!/bin/bash\n\n#\n# Released under \"The GNU General Public License (GPL-2.0)\"\n#\n# Copyright (c) 2021 cjiang. All rights reserved.\n#\n# This program is free software; you can redistribute it and/or modify it\n# under the terms of the GNU General Public License as published by the\n# Free Software Foundation; either version 2 of the License, or (at your\n# option) any later version.\n#\n# This program is distributed in the hope that it will be useful, but\n# WITHOUT ANY WARRANTY; without even the implied warranty of MERCHANTABILITY\n# or FITNESS FOR A PARTICULAR PURPOSE. See the GNU General Public License\n# for more details.\n#\n# You should have received a copy of the GNU General Public License along\n# with this program; if not, write to the Free Software Foundation, Inc.,\n# 59 Temple Place, Suite 330, Boston, MA 02111-1307 USA\n#\n\nscript_file=\"${PROJECT_DIR}/fw_gen.py\"\ntarget_file=\"${DERIVED_FILES_DIR}/Gen3FirmwareBinary.cpp\"\nfw_files=\"${PROJECT_DIR}/IntelGen3BluetoothHostControllerUSBTransport/Firmwares/\"\n\nrm \"$target_file\"\n\npython \"$script_file\" \"$target_file\" \"$fw_files\" \"sfi,ddc\"\n";
		};
/* End PBXShellScriptBuildPhase section */

/* Begin PBXSourcesBuildPhase section */
		BC6A4C07272B960100E83996 /* Sources */ = {
			isa = PBXSourcesBuildPhase;
			buildActionMask = 2147483647;
			files = (
				BCDAEC9F272D04F100D24C15 /* IntelBluetoothHostController.cpp in Sources */,
			);
			runOnlyForDeploymentPostprocessing = 0;
		};
		BCB134622731904600D29EE3 /* Sources */ = {
			isa = PBXSourcesBuildPhase;
			buildActionMask = 2147483647;
			files = (
				BCA3E43D2733172000AC8038 /* IntelGen1BluetoothHostControllerUSBTransport.cpp in Sources */,
				BC7211D0273323B0004FF756 /* Gen1FirmwareBinary.cpp in Sources */,
			);
			runOnlyForDeploymentPostprocessing = 0;
		};
		BCB134722731904800D29EE3 /* Sources */ = {
			isa = PBXSourcesBuildPhase;
			buildActionMask = 2147483647;
			files = (
				BC7211D22733270B004FF756 /* IntelGen2BluetoothHostControllerUSBTransport.cpp in Sources */,
				BC7211DA27332CEE004FF756 /* Gen2FirmwareBinary.cpp in Sources */,
			);
			runOnlyForDeploymentPostprocessing = 0;
		};
		BCB134822731904A00D29EE3 /* Sources */ = {
			isa = PBXSourcesBuildPhase;
			buildActionMask = 2147483647;
			files = (
				BC7211DC27332DC3004FF756 /* IntelGen3BluetoothHostControllerUSBTransport.cpp in Sources */,
				BC7211DE273335DD004FF756 /* Gen3FirmwareBinary.cpp in Sources */,
			);
			runOnlyForDeploymentPostprocessing = 0;
		};
		BCB67C54272DC4A3007711DB /* Sources */ = {
			isa = PBXSourcesBuildPhase;
			buildActionMask = 2147483647;
			files = (
				BCB67C6E272DF0CB007711DB /* kern_start.cpp in Sources */,
				BCB67C6F272DF0CB007711DB /* kern_btfixup.cpp in Sources */,
			);
			runOnlyForDeploymentPostprocessing = 0;
		};
		BCDAECA7272D0F4200D24C15 /* Sources */ = {
			isa = PBXSourcesBuildPhase;
			buildActionMask = 2147483647;
			files = (
				BCB134982732095600D29EE3 /* IntelBluetoothHostControllerUSBTransport.cpp in Sources */,
			);
			runOnlyForDeploymentPostprocessing = 0;
		};
/* End PBXSourcesBuildPhase section */

/* Begin XCBuildConfiguration section */
		BC6A4C13272B960100E83996 /* Debug */ = {
			isa = XCBuildConfiguration;
			buildSettings = {
				ALWAYS_SEARCH_USER_PATHS = NO;
				CLANG_ANALYZER_NONNULL = YES;
				CLANG_ANALYZER_NUMBER_OBJECT_CONVERSION = YES_AGGRESSIVE;
				CLANG_CXX_LANGUAGE_STANDARD = "gnu++20";
				CLANG_CXX_LIBRARY = "libc++";
				CLANG_ENABLE_MODULES = YES;
				CLANG_ENABLE_OBJC_ARC = YES;
				CLANG_ENABLE_OBJC_WEAK = YES;
				CLANG_WARN_BLOCK_CAPTURE_AUTORELEASING = YES;
				CLANG_WARN_BOOL_CONVERSION = YES;
				CLANG_WARN_COMMA = YES;
				CLANG_WARN_CONSTANT_CONVERSION = YES;
				CLANG_WARN_DEPRECATED_OBJC_IMPLEMENTATIONS = YES;
				CLANG_WARN_DIRECT_OBJC_ISA_USAGE = YES_ERROR;
				CLANG_WARN_DOCUMENTATION_COMMENTS = YES;
				CLANG_WARN_EMPTY_BODY = YES;
				CLANG_WARN_ENUM_CONVERSION = YES;
				CLANG_WARN_INFINITE_RECURSION = YES;
				CLANG_WARN_INT_CONVERSION = YES;
				CLANG_WARN_NON_LITERAL_NULL_CONVERSION = YES;
				CLANG_WARN_OBJC_IMPLICIT_RETAIN_SELF = YES;
				CLANG_WARN_OBJC_LITERAL_CONVERSION = YES;
				CLANG_WARN_OBJC_ROOT_CLASS = YES_ERROR;
				CLANG_WARN_QUOTED_INCLUDE_IN_FRAMEWORK_HEADER = YES;
				CLANG_WARN_RANGE_LOOP_ANALYSIS = YES;
				CLANG_WARN_STRICT_PROTOTYPES = YES;
				CLANG_WARN_SUSPICIOUS_MOVE = YES;
				CLANG_WARN_UNGUARDED_AVAILABILITY = YES_AGGRESSIVE;
				CLANG_WARN_UNREACHABLE_CODE = YES;
				CLANG_WARN__DUPLICATE_METHOD_MATCH = YES;
				COPY_PHASE_STRIP = NO;
				DEBUG_INFORMATION_FORMAT = dwarf;
				ENABLE_STRICT_OBJC_MSGSEND = YES;
				ENABLE_TESTABILITY = YES;
				GCC_C_LANGUAGE_STANDARD = gnu11;
				GCC_DYNAMIC_NO_PIC = NO;
				GCC_NO_COMMON_BLOCKS = YES;
				GCC_OPTIMIZATION_LEVEL = 0;
				GCC_PREPROCESSOR_DEFINITIONS = (
					"DEBUG=1",
					"$(inherited)",
				);
				GCC_WARN_64_TO_32_BIT_CONVERSION = YES;
				GCC_WARN_ABOUT_RETURN_TYPE = YES_ERROR;
				GCC_WARN_UNDECLARED_SELECTOR = YES;
				GCC_WARN_UNINITIALIZED_AUTOS = YES_AGGRESSIVE;
				GCC_WARN_UNUSED_FUNCTION = YES;
				GCC_WARN_UNUSED_VARIABLE = YES;
				HEADER_SEARCH_PATHS = (
					/Users/charliejiang/MacKernelSDK/Headers,
					"$(PROJECT_DIR)/OpenFirmwareManager.kext/Contents/Resources/",
					"$(PROJECT_DIR)/Lilu.kext/Contents/Resources/",
				);
				KERNEL_EXTENSION_HEADER_SEARCH_PATHS = /Users/charliejiang/MacKernelSDK/Headers;
				KERNEL_FRAMEWORK_HEADERS = /Users/charliejiang/MacKernelSDK/Headers;
				LIBRARY_SEARCH_PATHS = /Users/charliejiang/MacKernelSDK/Library/x86_64;
				MACOSX_DEPLOYMENT_TARGET = 11.3;
				MTL_ENABLE_DEBUG_INFO = INCLUDE_SOURCE;
				MTL_FAST_MATH = YES;
				ONLY_ACTIVE_ARCH = YES;
				SDKROOT = macosx;
			};
			name = Debug;
		};
		BC6A4C14272B960100E83996 /* Release */ = {
			isa = XCBuildConfiguration;
			buildSettings = {
				ALWAYS_SEARCH_USER_PATHS = NO;
				CLANG_ANALYZER_NONNULL = YES;
				CLANG_ANALYZER_NUMBER_OBJECT_CONVERSION = YES_AGGRESSIVE;
				CLANG_CXX_LANGUAGE_STANDARD = "gnu++20";
				CLANG_CXX_LIBRARY = "libc++";
				CLANG_ENABLE_MODULES = YES;
				CLANG_ENABLE_OBJC_ARC = YES;
				CLANG_ENABLE_OBJC_WEAK = YES;
				CLANG_WARN_BLOCK_CAPTURE_AUTORELEASING = YES;
				CLANG_WARN_BOOL_CONVERSION = YES;
				CLANG_WARN_COMMA = YES;
				CLANG_WARN_CONSTANT_CONVERSION = YES;
				CLANG_WARN_DEPRECATED_OBJC_IMPLEMENTATIONS = YES;
				CLANG_WARN_DIRECT_OBJC_ISA_USAGE = YES_ERROR;
				CLANG_WARN_DOCUMENTATION_COMMENTS = YES;
				CLANG_WARN_EMPTY_BODY = YES;
				CLANG_WARN_ENUM_CONVERSION = YES;
				CLANG_WARN_INFINITE_RECURSION = YES;
				CLANG_WARN_INT_CONVERSION = YES;
				CLANG_WARN_NON_LITERAL_NULL_CONVERSION = YES;
				CLANG_WARN_OBJC_IMPLICIT_RETAIN_SELF = YES;
				CLANG_WARN_OBJC_LITERAL_CONVERSION = YES;
				CLANG_WARN_OBJC_ROOT_CLASS = YES_ERROR;
				CLANG_WARN_QUOTED_INCLUDE_IN_FRAMEWORK_HEADER = YES;
				CLANG_WARN_RANGE_LOOP_ANALYSIS = YES;
				CLANG_WARN_STRICT_PROTOTYPES = YES;
				CLANG_WARN_SUSPICIOUS_MOVE = YES;
				CLANG_WARN_UNGUARDED_AVAILABILITY = YES_AGGRESSIVE;
				CLANG_WARN_UNREACHABLE_CODE = YES;
				CLANG_WARN__DUPLICATE_METHOD_MATCH = YES;
				COPY_PHASE_STRIP = NO;
				DEBUG_INFORMATION_FORMAT = "dwarf-with-dsym";
				ENABLE_NS_ASSERTIONS = NO;
				ENABLE_STRICT_OBJC_MSGSEND = YES;
				GCC_C_LANGUAGE_STANDARD = gnu11;
				GCC_NO_COMMON_BLOCKS = YES;
				GCC_WARN_64_TO_32_BIT_CONVERSION = YES;
				GCC_WARN_ABOUT_RETURN_TYPE = YES_ERROR;
				GCC_WARN_UNDECLARED_SELECTOR = YES;
				GCC_WARN_UNINITIALIZED_AUTOS = YES_AGGRESSIVE;
				GCC_WARN_UNUSED_FUNCTION = YES;
				GCC_WARN_UNUSED_VARIABLE = YES;
				HEADER_SEARCH_PATHS = (
					/Users/charliejiang/MacKernelSDK/Headers,
					"$(PROJECT_DIR)/OpenFirmwareManager.kext/Contents/Resources/",
					"$(PROJECT_DIR)/Lilu.kext/Contents/Resources/",
				);
				KERNEL_EXTENSION_HEADER_SEARCH_PATHS = /Users/charliejiang/MacKernelSDK/Headers;
				KERNEL_FRAMEWORK_HEADERS = /Users/charliejiang/MacKernelSDK/Headers;
				LIBRARY_SEARCH_PATHS = /Users/charliejiang/MacKernelSDK/Library/x86_64;
				MACOSX_DEPLOYMENT_TARGET = 11.3;
				MTL_ENABLE_DEBUG_INFO = NO;
				MTL_FAST_MATH = YES;
				SDKROOT = macosx;
			};
			name = Release;
		};
		BC6A4C16272B960100E83996 /* Debug */ = {
			isa = XCBuildConfiguration;
			buildSettings = {
				CLANG_WARN_QUOTED_INCLUDE_IN_FRAMEWORK_HEADER = NO;
				CODE_SIGN_STYLE = Automatic;
				COMBINE_HIDPI_IMAGES = YES;
				CURRENT_PROJECT_VERSION = 1.0.0d1;
				GENERATE_INFOPLIST_FILE = YES;
				INFOPLIST_FILE = IntelBluetoothFamily/Info.plist;
				INFOPLIST_KEY_NSHumanReadableCopyright = "";
				MACOSX_DEPLOYMENT_TARGET = 11.0;
				MARKETING_VERSION = 1.0;
				MODULE_NAME = com.cjiang.IntelBluetoothFamily;
				MODULE_VERSION = 1.0.0d1;
				PRODUCT_BUNDLE_IDENTIFIER = com.cjiang.IntelBluetoothFamily;
				PRODUCT_NAME = "$(TARGET_NAME)";
				RUN_CLANG_STATIC_ANALYZER = YES;
				SWIFT_EMIT_LOC_STRINGS = YES;
				WRAPPER_EXTENSION = kext;
			};
			name = Debug;
		};
		BC6A4C17272B960100E83996 /* Release */ = {
			isa = XCBuildConfiguration;
			buildSettings = {
				CLANG_WARN_QUOTED_INCLUDE_IN_FRAMEWORK_HEADER = NO;
				CODE_SIGN_STYLE = Automatic;
				COMBINE_HIDPI_IMAGES = YES;
				CURRENT_PROJECT_VERSION = 1.0.0d1;
				GENERATE_INFOPLIST_FILE = YES;
				INFOPLIST_FILE = IntelBluetoothFamily/Info.plist;
				INFOPLIST_KEY_NSHumanReadableCopyright = "";
				MACOSX_DEPLOYMENT_TARGET = 11.0;
				MARKETING_VERSION = 1.0;
				MODULE_NAME = com.cjiang.IntelBluetoothFamily;
				MODULE_VERSION = 1.0.0d1;
				"MTL_ENABLE_DEBUG_INFO[arch=*]" = NO;
				PRODUCT_BUNDLE_IDENTIFIER = com.cjiang.IntelBluetoothFamily;
				PRODUCT_NAME = "$(TARGET_NAME)";
				RUN_CLANG_STATIC_ANALYZER = YES;
				SWIFT_EMIT_LOC_STRINGS = YES;
				WRAPPER_EXTENSION = kext;
			};
			name = Release;
		};
		BCB134692731904600D29EE3 /* Debug */ = {
			isa = XCBuildConfiguration;
			buildSettings = {
				CLANG_CXX_LANGUAGE_STANDARD = "gnu++17";
				CLANG_WARN_QUOTED_INCLUDE_IN_FRAMEWORK_HEADER = NO;
				CODE_SIGN_STYLE = Automatic;
				COMBINE_HIDPI_IMAGES = YES;
				CURRENT_PROJECT_VERSION = 1.0.0d1;
				GENERATE_INFOPLIST_FILE = YES;
				INFOPLIST_FILE = IntelGen1BluetoothHostControllerUSBTransport/Info.plist;
				INFOPLIST_KEY_NSHumanReadableCopyright = "";
				MACOSX_DEPLOYMENT_TARGET = 11.0;
				MARKETING_VERSION = 1.0;
				MODULE_NAME = com.cjiang.IntelBluetoothHostControllerUSBTransport;
				MODULE_VERSION = 1.0.0d1;
				PRODUCT_BUNDLE_IDENTIFIER = com.cjiang.IntelBluetoothHostControllerUSBTransport;
				PRODUCT_NAME = "$(TARGET_NAME)";
				RUN_CLANG_STATIC_ANALYZER = YES;
				SWIFT_EMIT_LOC_STRINGS = YES;
				WRAPPER_EXTENSION = kext;
			};
			name = Debug;
		};
		BCB1346A2731904600D29EE3 /* Release */ = {
			isa = XCBuildConfiguration;
			buildSettings = {
				CLANG_CXX_LANGUAGE_STANDARD = "gnu++17";
				CLANG_WARN_QUOTED_INCLUDE_IN_FRAMEWORK_HEADER = NO;
				CODE_SIGN_STYLE = Automatic;
				COMBINE_HIDPI_IMAGES = YES;
				CURRENT_PROJECT_VERSION = 1.0.0d1;
				GENERATE_INFOPLIST_FILE = YES;
				INFOPLIST_FILE = IntelGen1BluetoothHostControllerUSBTransport/Info.plist;
				INFOPLIST_KEY_NSHumanReadableCopyright = "";
				MACOSX_DEPLOYMENT_TARGET = 11.0;
				MARKETING_VERSION = 1.0;
				MODULE_NAME = com.cjiang.IntelBluetoothHostControllerUSBTransport;
				MODULE_VERSION = 1.0.0d1;
				PRODUCT_BUNDLE_IDENTIFIER = com.cjiang.IntelBluetoothHostControllerUSBTransport;
				PRODUCT_NAME = "$(TARGET_NAME)";
				RUN_CLANG_STATIC_ANALYZER = YES;
				SWIFT_EMIT_LOC_STRINGS = YES;
				WRAPPER_EXTENSION = kext;
			};
			name = Release;
		};
		BCB134792731904800D29EE3 /* Debug */ = {
			isa = XCBuildConfiguration;
			buildSettings = {
				CLANG_CXX_LANGUAGE_STANDARD = "gnu++17";
				CLANG_WARN_QUOTED_INCLUDE_IN_FRAMEWORK_HEADER = NO;
				CODE_SIGN_STYLE = Automatic;
				COMBINE_HIDPI_IMAGES = YES;
				CURRENT_PROJECT_VERSION = 1.0.0d1;
				GENERATE_INFOPLIST_FILE = YES;
				INFOPLIST_FILE = IntelGen2BluetoothHostControllerUSBTransport/Info.plist;
				INFOPLIST_KEY_NSHumanReadableCopyright = "";
				MACOSX_DEPLOYMENT_TARGET = 11.0;
				MARKETING_VERSION = 1.0;
				MODULE_NAME = com.cjiang.IntelBluetoothHostControllerUSBTransport;
				MODULE_VERSION = 1.0.0d1;
				PRODUCT_BUNDLE_IDENTIFIER = com.cjiang.IntelBluetoothHostControllerUSBTransport;
				PRODUCT_NAME = "$(TARGET_NAME)";
				RUN_CLANG_STATIC_ANALYZER = YES;
				SWIFT_EMIT_LOC_STRINGS = YES;
				WRAPPER_EXTENSION = kext;
			};
			name = Debug;
		};
		BCB1347A2731904800D29EE3 /* Release */ = {
			isa = XCBuildConfiguration;
			buildSettings = {
				CLANG_CXX_LANGUAGE_STANDARD = "gnu++17";
				CLANG_WARN_QUOTED_INCLUDE_IN_FRAMEWORK_HEADER = NO;
				CODE_SIGN_STYLE = Automatic;
				COMBINE_HIDPI_IMAGES = YES;
				CURRENT_PROJECT_VERSION = 1.0.0d1;
				GENERATE_INFOPLIST_FILE = YES;
				INFOPLIST_FILE = IntelGen2BluetoothHostControllerUSBTransport/Info.plist;
				INFOPLIST_KEY_NSHumanReadableCopyright = "";
				MACOSX_DEPLOYMENT_TARGET = 11.0;
				MARKETING_VERSION = 1.0;
				MODULE_NAME = com.cjiang.IntelBluetoothHostControllerUSBTransport;
				MODULE_VERSION = 1.0.0d1;
				PRODUCT_BUNDLE_IDENTIFIER = com.cjiang.IntelBluetoothHostControllerUSBTransport;
				PRODUCT_NAME = "$(TARGET_NAME)";
				RUN_CLANG_STATIC_ANALYZER = YES;
				SWIFT_EMIT_LOC_STRINGS = YES;
				WRAPPER_EXTENSION = kext;
			};
			name = Release;
		};
		BCB134892731904A00D29EE3 /* Debug */ = {
			isa = XCBuildConfiguration;
			buildSettings = {
				CLANG_CXX_LANGUAGE_STANDARD = "gnu++17";
				CLANG_WARN_QUOTED_INCLUDE_IN_FRAMEWORK_HEADER = NO;
				CODE_SIGN_STYLE = Automatic;
				COMBINE_HIDPI_IMAGES = YES;
				CURRENT_PROJECT_VERSION = 1.0.0d1;
				GENERATE_INFOPLIST_FILE = YES;
				INFOPLIST_FILE = IntelGen3BluetoothHostControllerUSBTransport/Info.plist;
				INFOPLIST_KEY_NSHumanReadableCopyright = "";
				MACOSX_DEPLOYMENT_TARGET = 11.0;
				MARKETING_VERSION = 1.0;
				MODULE_NAME = com.cjiang.IntelBluetoothHostControllerUSBTransport;
				MODULE_VERSION = 1.0.0d1;
				PRODUCT_BUNDLE_IDENTIFIER = com.cjiang.IntelBluetoothHostControllerUSBTransport;
				PRODUCT_NAME = "$(TARGET_NAME)";
				RUN_CLANG_STATIC_ANALYZER = YES;
				SWIFT_EMIT_LOC_STRINGS = YES;
				WRAPPER_EXTENSION = kext;
			};
			name = Debug;
		};
		BCB1348A2731904A00D29EE3 /* Release */ = {
			isa = XCBuildConfiguration;
			buildSettings = {
				CLANG_CXX_LANGUAGE_STANDARD = "gnu++17";
				CLANG_WARN_QUOTED_INCLUDE_IN_FRAMEWORK_HEADER = NO;
				CODE_SIGN_STYLE = Automatic;
				COMBINE_HIDPI_IMAGES = YES;
				CURRENT_PROJECT_VERSION = 1.0.0d1;
				GENERATE_INFOPLIST_FILE = YES;
				INFOPLIST_FILE = IntelGen3BluetoothHostControllerUSBTransport/Info.plist;
				INFOPLIST_KEY_NSHumanReadableCopyright = "";
				MACOSX_DEPLOYMENT_TARGET = 11.0;
				MARKETING_VERSION = 1.0;
				MODULE_NAME = com.cjiang.IntelBluetoothHostControllerUSBTransport;
				MODULE_VERSION = 1.0.0d1;
				PRODUCT_BUNDLE_IDENTIFIER = com.cjiang.IntelBluetoothHostControllerUSBTransport;
				PRODUCT_NAME = "$(TARGET_NAME)";
				RUN_CLANG_STATIC_ANALYZER = YES;
				SWIFT_EMIT_LOC_STRINGS = YES;
				WRAPPER_EXTENSION = kext;
			};
			name = Release;
		};
		BCB67C60272DC4A3007711DB /* Debug */ = {
			isa = XCBuildConfiguration;
			buildSettings = {
				CLANG_CXX_LANGUAGE_STANDARD = "gnu++17";
				CLANG_WARN_QUOTED_INCLUDE_IN_FRAMEWORK_HEADER = NO;
				CODE_SIGN_STYLE = Automatic;
				COMBINE_HIDPI_IMAGES = YES;
				CURRENT_PROJECT_VERSION = 1.0.0d1;
				GENERATE_INFOPLIST_FILE = YES;
				INFOPLIST_FILE = IOBluetoothFixup/Info.plist;
				INFOPLIST_KEY_NSHumanReadableCopyright = "";
				MACOSX_DEPLOYMENT_TARGET = 11.0;
				MARKETING_VERSION = 1.0;
				MODULE_NAME = com.cjiang.IOBluetoothFixup;
				MODULE_VERSION = 1.0.0d1;
				PRODUCT_BUNDLE_IDENTIFIER = com.cjiang.IOBluetoothFixup;
				PRODUCT_NAME = "$(TARGET_NAME)";
				RUN_CLANG_STATIC_ANALYZER = YES;
				SWIFT_EMIT_LOC_STRINGS = YES;
				WRAPPER_EXTENSION = kext;
			};
			name = Debug;
		};
		BCB67C61272DC4A3007711DB /* Release */ = {
			isa = XCBuildConfiguration;
			buildSettings = {
				CLANG_CXX_LANGUAGE_STANDARD = "gnu++17";
				CLANG_WARN_QUOTED_INCLUDE_IN_FRAMEWORK_HEADER = NO;
				CODE_SIGN_STYLE = Automatic;
				COMBINE_HIDPI_IMAGES = YES;
				CURRENT_PROJECT_VERSION = 1.0.0d1;
				GENERATE_INFOPLIST_FILE = YES;
				INFOPLIST_FILE = IOBluetoothFixup/Info.plist;
				INFOPLIST_KEY_NSHumanReadableCopyright = "";
				MACOSX_DEPLOYMENT_TARGET = 11.0;
				MARKETING_VERSION = 1.0;
				MODULE_NAME = com.cjiang.IOBluetoothFixup;
				MODULE_VERSION = 1.0.0d1;
				PRODUCT_BUNDLE_IDENTIFIER = com.cjiang.IOBluetoothFixup;
				PRODUCT_NAME = "$(TARGET_NAME)";
				RUN_CLANG_STATIC_ANALYZER = YES;
				SWIFT_EMIT_LOC_STRINGS = YES;
				WRAPPER_EXTENSION = kext;
			};
			name = Release;
		};
		BCDAECB3272D0F4200D24C15 /* Debug */ = {
			isa = XCBuildConfiguration;
			buildSettings = {
				CLANG_CXX_LANGUAGE_STANDARD = "gnu++17";
				CLANG_WARN_QUOTED_INCLUDE_IN_FRAMEWORK_HEADER = NO;
				CODE_SIGN_STYLE = Automatic;
				COMBINE_HIDPI_IMAGES = YES;
				CURRENT_PROJECT_VERSION = 1.0.0d1;
				GENERATE_INFOPLIST_FILE = YES;
				INFOPLIST_FILE = IntelBluetoothHostControllerUSBTransport/Info.plist;
				INFOPLIST_KEY_NSHumanReadableCopyright = "";
				MACOSX_DEPLOYMENT_TARGET = 11.0;
				MARKETING_VERSION = 1.0;
				MODULE_NAME = com.cjiang.IntelBluetoothHostControllerUSBTransport;
				MODULE_VERSION = 1.0.0d1;
				PRODUCT_BUNDLE_IDENTIFIER = com.cjiang.IntelBluetoothHostControllerUSBTransport;
				PRODUCT_NAME = "$(TARGET_NAME)";
				RUN_CLANG_STATIC_ANALYZER = YES;
				SWIFT_EMIT_LOC_STRINGS = YES;
				WRAPPER_EXTENSION = kext;
			};
			name = Debug;
		};
		BCDAECB4272D0F4200D24C15 /* Release */ = {
			isa = XCBuildConfiguration;
			buildSettings = {
				CLANG_CXX_LANGUAGE_STANDARD = "gnu++17";
				CLANG_WARN_QUOTED_INCLUDE_IN_FRAMEWORK_HEADER = NO;
				CODE_SIGN_STYLE = Automatic;
				COMBINE_HIDPI_IMAGES = YES;
				CURRENT_PROJECT_VERSION = 1.0.0d1;
				GENERATE_INFOPLIST_FILE = YES;
				INFOPLIST_FILE = IntelBluetoothHostControllerUSBTransport/Info.plist;
				INFOPLIST_KEY_NSHumanReadableCopyright = "";
				MACOSX_DEPLOYMENT_TARGET = 11.0;
				MARKETING_VERSION = 1.0;
				MODULE_NAME = com.cjiang.IntelBluetoothHostControllerUSBTransport;
				MODULE_VERSION = 1.0.0d1;
				PRODUCT_BUNDLE_IDENTIFIER = com.cjiang.IntelBluetoothHostControllerUSBTransport;
				PRODUCT_NAME = "$(TARGET_NAME)";
				RUN_CLANG_STATIC_ANALYZER = YES;
				SWIFT_EMIT_LOC_STRINGS = YES;
				WRAPPER_EXTENSION = kext;
			};
			name = Release;
		};
/* End XCBuildConfiguration section */

/* Begin XCConfigurationList section */
		BC6A4C05272B960100E83996 /* Build configuration list for PBXProject "IntelBluetoothFamily" */ = {
			isa = XCConfigurationList;
			buildConfigurations = (
				BC6A4C13272B960100E83996 /* Debug */,
				BC6A4C14272B960100E83996 /* Release */,
			);
			defaultConfigurationIsVisible = 0;
			defaultConfigurationName = Release;
		};
		BC6A4C15272B960100E83996 /* Build configuration list for PBXNativeTarget "IntelBluetoothFamily" */ = {
			isa = XCConfigurationList;
			buildConfigurations = (
				BC6A4C16272B960100E83996 /* Debug */,
				BC6A4C17272B960100E83996 /* Release */,
			);
			defaultConfigurationIsVisible = 0;
			defaultConfigurationName = Release;
		};
		BCB134682731904600D29EE3 /* Build configuration list for PBXNativeTarget "IntelGen1BluetoothHostControllerUSBTransport" */ = {
			isa = XCConfigurationList;
			buildConfigurations = (
				BCB134692731904600D29EE3 /* Debug */,
				BCB1346A2731904600D29EE3 /* Release */,
			);
			defaultConfigurationIsVisible = 0;
			defaultConfigurationName = Release;
		};
		BCB134782731904800D29EE3 /* Build configuration list for PBXNativeTarget "IntelGen2BluetoothHostControllerUSBTransport" */ = {
			isa = XCConfigurationList;
			buildConfigurations = (
				BCB134792731904800D29EE3 /* Debug */,
				BCB1347A2731904800D29EE3 /* Release */,
			);
			defaultConfigurationIsVisible = 0;
			defaultConfigurationName = Release;
		};
		BCB134882731904A00D29EE3 /* Build configuration list for PBXNativeTarget "IntelGen3BluetoothHostControllerUSBTransport" */ = {
			isa = XCConfigurationList;
			buildConfigurations = (
				BCB134892731904A00D29EE3 /* Debug */,
				BCB1348A2731904A00D29EE3 /* Release */,
			);
			defaultConfigurationIsVisible = 0;
			defaultConfigurationName = Release;
		};
		BCB67C5F272DC4A3007711DB /* Build configuration list for PBXNativeTarget "IOBluetoothFixup" */ = {
			isa = XCConfigurationList;
			buildConfigurations = (
				BCB67C60272DC4A3007711DB /* Debug */,
				BCB67C61272DC4A3007711DB /* Release */,
			);
			defaultConfigurationIsVisible = 0;
			defaultConfigurationName = Release;
		};
		BCDAECB2272D0F4200D24C15 /* Build configuration list for PBXNativeTarget "IntelBluetoothHostControllerUSBTransport" */ = {
			isa = XCConfigurationList;
			buildConfigurations = (
				BCDAECB3272D0F4200D24C15 /* Debug */,
				BCDAECB4272D0F4200D24C15 /* Release */,
			);
			defaultConfigurationIsVisible = 0;
			defaultConfigurationName = Release;
		};
/* End XCConfigurationList section */
	};
	rootObject = BC6A4C02272B960100E83996 /* Project object */;
}
