// !$*UTF8*$!
{
	archiveVersion = 1;
	classes = {
	};
	objectVersion = 53;
	objects = {

/* Begin PBXBuildFile section */
		50A4D726273FA7F000ABE8E1 /* IntelBluetoothHostControllerUSBTransport.hpp in Headers */ = {isa = PBXBuildFile; fileRef = 50A4D725273FA7F000ABE8E1 /* IntelBluetoothHostControllerUSBTransport.hpp */; };
		50A4D728273FA7F000ABE8E1 /* IntelBluetoothHostControllerUSBTransport.cpp in Sources */ = {isa = PBXBuildFile; fileRef = 50A4D727273FA7F000ABE8E1 /* IntelBluetoothHostControllerUSBTransport.cpp */; };
		50FFE37C274102E700176708 /* libkmod.a in Frameworks */ = {isa = PBXBuildFile; fileRef = 5040DB1427408F0A00D2B548 /* libkmod.a */; };
/* End PBXBuildFile section */

/* Begin PBXFileReference section */
		5040DB1427408F0A00D2B548 /* libkmod.a */ = {isa = PBXFileReference; lastKnownFileType = archive.ar; name = libkmod.a; path = ../../MacKernelSDK/Library/x86_64/libkmod.a; sourceTree = "<group>"; };
		5040DB352740A88400D2B548 /* libkmodc++.a */ = {isa = PBXFileReference; lastKnownFileType = archive.ar; name = "libkmodc++.a"; path = "../../MacKernelSDK/Library/universal/libkmodc++.a"; sourceTree = "<group>"; };
		50A4D723273FA7F000ABE8E1 /* IntelBluetoothHostControllerUSBTransport.kext */ = {isa = PBXFileReference; explicitFileType = wrapper.cfbundle; includeInIndex = 0; path = IntelBluetoothHostControllerUSBTransport.kext; sourceTree = BUILT_PRODUCTS_DIR; };
		50A4D725273FA7F000ABE8E1 /* IntelBluetoothHostControllerUSBTransport.hpp */ = {isa = PBXFileReference; lastKnownFileType = sourcecode.cpp.h; path = IntelBluetoothHostControllerUSBTransport.hpp; sourceTree = "<group>"; };
		50A4D727273FA7F000ABE8E1 /* IntelBluetoothHostControllerUSBTransport.cpp */ = {isa = PBXFileReference; lastKnownFileType = sourcecode.cpp.cpp; path = IntelBluetoothHostControllerUSBTransport.cpp; sourceTree = "<group>"; };
		50A4D729273FA7F000ABE8E1 /* Info.plist */ = {isa = PBXFileReference; lastKnownFileType = text.plist; path = Info.plist; sourceTree = "<group>"; };
/* End PBXFileReference section */

/* Begin PBXFrameworksBuildPhase section */
		50A4D720273FA7F000ABE8E1 /* Frameworks */ = {
			isa = PBXFrameworksBuildPhase;
			buildActionMask = 2147483647;
			files = (
				50FFE37C274102E700176708 /* libkmod.a in Frameworks */,
			);
			runOnlyForDeploymentPostprocessing = 0;
		};
/* End PBXFrameworksBuildPhase section */

/* Begin PBXGroup section */
		500F70B6273E945E00B1FBD2 = {
			isa = PBXGroup;
			children = (
				50A4D725273FA7F000ABE8E1 /* IntelBluetoothHostControllerUSBTransport.hpp */,
				50A4D727273FA7F000ABE8E1 /* IntelBluetoothHostControllerUSBTransport.cpp */,
				50A4D729273FA7F000ABE8E1 /* Info.plist */,
				500F70C1273E945E00B1FBD2 /* Products */,
				50A4D72F273FAA8600ABE8E1 /* Frameworks */,
			);
			sourceTree = "<group>";
		};
		500F70C1273E945E00B1FBD2 /* Products */ = {
			isa = PBXGroup;
			children = (
				50A4D723273FA7F000ABE8E1 /* IntelBluetoothHostControllerUSBTransport.kext */,
			);
			name = Products;
			sourceTree = "<group>";
		};
		50A4D72F273FAA8600ABE8E1 /* Frameworks */ = {
			isa = PBXGroup;
			children = (
				5040DB352740A88400D2B548 /* libkmodc++.a */,
				5040DB1427408F0A00D2B548 /* libkmod.a */,
			);
			name = Frameworks;
			sourceTree = "<group>";
		};
/* End PBXGroup section */

/* Begin PBXHeadersBuildPhase section */
		50A4D71E273FA7F000ABE8E1 /* Headers */ = {
			isa = PBXHeadersBuildPhase;
			buildActionMask = 2147483647;
			files = (
				50A4D726273FA7F000ABE8E1 /* IntelBluetoothHostControllerUSBTransport.hpp in Headers */,
			);
			runOnlyForDeploymentPostprocessing = 0;
		};
/* End PBXHeadersBuildPhase section */

/* Begin PBXNativeTarget section */
		50A4D722273FA7F000ABE8E1 /* IntelBluetoothHostControllerUSBTransport */ = {
			isa = PBXNativeTarget;
			buildConfigurationList = 50A4D72A273FA7F000ABE8E1 /* Build configuration list for PBXNativeTarget "IntelBluetoothHostControllerUSBTransport" */;
			buildPhases = (
				50A4D71E273FA7F000ABE8E1 /* Headers */,
				50A4D71F273FA7F000ABE8E1 /* Sources */,
				50A4D720273FA7F000ABE8E1 /* Frameworks */,
			);
			buildRules = (
			);
			dependencies = (
			);
			name = IntelBluetoothHostControllerUSBTransport;
			productName = IntelBluetoothHostControllerUSBTransport;
			productReference = 50A4D723273FA7F000ABE8E1 /* IntelBluetoothHostControllerUSBTransport.kext */;
			productType = "com.apple.product-type.kernel-extension";
		};
/* End PBXNativeTarget section */

/* Begin PBXProject section */
		500F70B7273E945E00B1FBD2 /* Project object */ = {
			isa = PBXProject;
			attributes = {
				BuildIndependentTargetsInParallel = 1;
				LastUpgradeCheck = 1300;
				TargetAttributes = {
					50A4D722273FA7F000ABE8E1 = {
						CreatedOnToolsVersion = 13.1;
					};
				};
			};
			buildConfigurationList = 500F70BA273E945E00B1FBD2 /* Build configuration list for PBXProject "IntelBluetoothHostControllerUSBTransport" */;
			compatibilityVersion = "Xcode 9.3";
			developmentRegion = en;
			hasScannedForEncodings = 0;
			knownRegions = (
				en,
				Base,
			);
			mainGroup = 500F70B6273E945E00B1FBD2;
			productRefGroup = 500F70C1273E945E00B1FBD2 /* Products */;
			projectDirPath = "";
			projectRoot = "";
			targets = (
				50A4D722273FA7F000ABE8E1 /* IntelBluetoothHostControllerUSBTransport */,
			);
		};
/* End PBXProject section */

/* Begin PBXSourcesBuildPhase section */
		50A4D71F273FA7F000ABE8E1 /* Sources */ = {
			isa = PBXSourcesBuildPhase;
			buildActionMask = 2147483647;
			files = (
				50A4D728273FA7F000ABE8E1 /* IntelBluetoothHostControllerUSBTransport.cpp in Sources */,
			);
			runOnlyForDeploymentPostprocessing = 0;
		};
/* End PBXSourcesBuildPhase section */

/* Begin XCBuildConfiguration section */
		500F70C8273E945E00B1FBD2 /* Catalina */ = {
			isa = XCBuildConfiguration;
			buildSettings = {
				ALWAYS_SEARCH_USER_PATHS = NO;
				ARCHS = x86_64;
				CLANG_ANALYZER_NONNULL = YES;
				CLANG_ANALYZER_NUMBER_OBJECT_CONVERSION = YES_AGGRESSIVE;
				CLANG_CXX_LANGUAGE_STANDARD = "gnu++17";
				CLANG_CXX_LIBRARY = "libc++";
				CLANG_ENABLE_MODULES = YES;
				CLANG_ENABLE_OBJC_ARC = YES;
				CLANG_ENABLE_OBJC_WEAK = YES;
				CLANG_WARN_BLOCK_CAPTURE_AUTORELEASING = YES;
				CLANG_WARN_BOOL_CONVERSION = YES;
				CLANG_WARN_COMMA = YES;
				CLANG_WARN_CONSTANT_CONVERSION = YES;
				CLANG_WARN_DEPRECATED_OBJC_IMPLEMENTATIONS = YES;
				CLANG_WARN_DIRECT_OBJC_ISA_USAGE = YES_ERROR;
				CLANG_WARN_DOCUMENTATION_COMMENTS = NO;
				CLANG_WARN_EMPTY_BODY = YES;
				CLANG_WARN_ENUM_CONVERSION = YES;
				CLANG_WARN_INFINITE_RECURSION = YES;
				CLANG_WARN_INT_CONVERSION = YES;
				CLANG_WARN_NON_LITERAL_NULL_CONVERSION = YES;
				CLANG_WARN_OBJC_IMPLICIT_RETAIN_SELF = YES;
				CLANG_WARN_OBJC_LITERAL_CONVERSION = YES;
				CLANG_WARN_OBJC_ROOT_CLASS = YES_ERROR;
				CLANG_WARN_RANGE_LOOP_ANALYSIS = YES;
				CLANG_WARN_STRICT_PROTOTYPES = YES;
				CLANG_WARN_SUSPICIOUS_MOVE = YES;
				CLANG_WARN_UNGUARDED_AVAILABILITY = YES_AGGRESSIVE;
				CLANG_WARN_UNREACHABLE_CODE = YES;
				CLANG_WARN__DUPLICATE_METHOD_MATCH = YES;
				COPY_PHASE_STRIP = NO;
				DEBUG_INFORMATION_FORMAT = dwarf;
				ENABLE_STRICT_OBJC_MSGSEND = YES;
				ENABLE_TESTABILITY = YES;
				GCC_C_LANGUAGE_STANDARD = gnu11;
				GCC_DYNAMIC_NO_PIC = NO;
				GCC_NO_COMMON_BLOCKS = YES;
				GCC_OPTIMIZATION_LEVEL = 0;
				GCC_PREPROCESSOR_DEFINITIONS = (
					"DEBUG=1",
					"$(inherited)",
				);
				GCC_WARN_64_TO_32_BIT_CONVERSION = YES;
				GCC_WARN_ABOUT_RETURN_TYPE = YES_ERROR;
				GCC_WARN_UNDECLARED_SELECTOR = YES;
				GCC_WARN_UNINITIALIZED_AUTOS = YES_AGGRESSIVE;
				GCC_WARN_UNUSED_FUNCTION = YES;
				GCC_WARN_UNUSED_VARIABLE = YES;
				HEADER_SEARCH_PATHS = ../../OpenFirmwareManager.kext/Contents/Resources;
				INFOPLIST_KEY_NSHumanReadableCopyright = "Copyright (c) 2021 cjiang. All rights reserved.";
				KERNEL_EXTENSION_HEADER_SEARCH_PATHS = "$(PROJECT_DIR)/../../MacKernelSDK/Headers";
				KERNEL_FRAMEWORK_HEADERS = "$(PROJECT_DIR)/../../MacKernelSDK/Headers";
				LIBRARY_SEARCH_PATHS = "$(PROJECT_DIR)/../../MacKernelSDK/Library/x86_64";
				MACOSX_DEPLOYMENT_TARGET = 10.15;
				MTL_ENABLE_DEBUG_INFO = INCLUDE_SOURCE;
				MTL_FAST_MATH = YES;
				SYMROOT = "$(SYMROOT)/$(CONFIGURATION)";
			};
			name = Catalina;
		};
		5040DB522740C63600D2B548 /* Big Sur */ = {
			isa = XCBuildConfiguration;
			buildSettings = {
				ALWAYS_SEARCH_USER_PATHS = NO;
				ARCHS = x86_64;
				CLANG_ANALYZER_NONNULL = YES;
				CLANG_ANALYZER_NUMBER_OBJECT_CONVERSION = YES_AGGRESSIVE;
				CLANG_CXX_LANGUAGE_STANDARD = "gnu++17";
				CLANG_CXX_LIBRARY = "libc++";
				CLANG_ENABLE_MODULES = YES;
				CLANG_ENABLE_OBJC_ARC = YES;
				CLANG_ENABLE_OBJC_WEAK = YES;
				CLANG_WARN_BLOCK_CAPTURE_AUTORELEASING = YES;
				CLANG_WARN_BOOL_CONVERSION = YES;
				CLANG_WARN_COMMA = YES;
				CLANG_WARN_CONSTANT_CONVERSION = YES;
				CLANG_WARN_DEPRECATED_OBJC_IMPLEMENTATIONS = YES;
				CLANG_WARN_DIRECT_OBJC_ISA_USAGE = YES_ERROR;
				CLANG_WARN_DOCUMENTATION_COMMENTS = NO;
				CLANG_WARN_EMPTY_BODY = YES;
				CLANG_WARN_ENUM_CONVERSION = YES;
				CLANG_WARN_INFINITE_RECURSION = YES;
				CLANG_WARN_INT_CONVERSION = YES;
				CLANG_WARN_NON_LITERAL_NULL_CONVERSION = YES;
				CLANG_WARN_OBJC_IMPLICIT_RETAIN_SELF = YES;
				CLANG_WARN_OBJC_LITERAL_CONVERSION = YES;
				CLANG_WARN_OBJC_ROOT_CLASS = YES_ERROR;
				CLANG_WARN_RANGE_LOOP_ANALYSIS = YES;
				CLANG_WARN_STRICT_PROTOTYPES = YES;
				CLANG_WARN_SUSPICIOUS_MOVE = YES;
				CLANG_WARN_UNGUARDED_AVAILABILITY = YES_AGGRESSIVE;
				CLANG_WARN_UNREACHABLE_CODE = YES;
				CLANG_WARN__DUPLICATE_METHOD_MATCH = YES;
				COPY_PHASE_STRIP = NO;
				DEBUG_INFORMATION_FORMAT = dwarf;
				ENABLE_STRICT_OBJC_MSGSEND = YES;
				ENABLE_TESTABILITY = YES;
				GCC_C_LANGUAGE_STANDARD = gnu11;
				GCC_DYNAMIC_NO_PIC = NO;
				GCC_NO_COMMON_BLOCKS = YES;
				GCC_OPTIMIZATION_LEVEL = 0;
				GCC_PREPROCESSOR_DEFINITIONS = (
					"DEBUG=1",
					"$(inherited)",
				);
				GCC_WARN_64_TO_32_BIT_CONVERSION = YES;
				GCC_WARN_ABOUT_RETURN_TYPE = YES_ERROR;
				GCC_WARN_UNDECLARED_SELECTOR = YES;
				GCC_WARN_UNINITIALIZED_AUTOS = YES_AGGRESSIVE;
				GCC_WARN_UNUSED_FUNCTION = YES;
				GCC_WARN_UNUSED_VARIABLE = YES;
				HEADER_SEARCH_PATHS = ../../OpenFirmwareManager.kext/Contents/Resources;
				INFOPLIST_KEY_NSHumanReadableCopyright = "Copyright (c) 2021 cjiang. All rights reserved.";
				KERNEL_EXTENSION_HEADER_SEARCH_PATHS = "$(PROJECT_DIR)/../../MacKernelSDK/Headers";
				KERNEL_FRAMEWORK_HEADERS = "$(PROJECT_DIR)/../../MacKernelSDK/Headers";
				LIBRARY_SEARCH_PATHS = "$(PROJECT_DIR)/../../MacKernelSDK/Library/x86_64";
				MACOSX_DEPLOYMENT_TARGET = 11.0;
				MTL_ENABLE_DEBUG_INFO = INCLUDE_SOURCE;
				MTL_FAST_MATH = YES;
				SYMROOT = "$(SYMROOT)/$(CONFIGURATION)";
			};
			name = "Big Sur";
		};
		5040DB532740C63600D2B548 /* Big Sur */ = {
			isa = XCBuildConfiguration;
			buildSettings = {
				CODE_SIGN_IDENTITY = "";
				CODE_SIGN_STYLE = Manual;
				GENERATE_INFOPLIST_FILE = YES;
				INFOPLIST_FILE = Info.plist;
				INFOPLIST_KEY_NSHumanReadableCopyright = "";
				MODULE_NAME = com.cjiang.IntelBluetoothHostControllerUSBTransport;
				MODULE_VERSION = 1.0.0;
				PRODUCT_BUNDLE_IDENTIFIER = com.cjiang.IntelBluetoothHostControllerUSBTransport;
				PRODUCT_NAME = "$(TARGET_NAME)";
				RUN_CLANG_STATIC_ANALYZER = YES;
				WRAPPER_EXTENSION = kext;
			};
			name = "Big Sur";
		};
		50A4D72B273FA7F000ABE8E1 /* Catalina */ = {
			isa = XCBuildConfiguration;
			buildSettings = {
				CODE_SIGN_IDENTITY = "";
				CODE_SIGN_STYLE = Manual;
				GENERATE_INFOPLIST_FILE = YES;
				INFOPLIST_FILE = Info.plist;
				INFOPLIST_KEY_NSHumanReadableCopyright = "";
				MODULE_NAME = com.cjiang.IntelBluetoothHostControllerUSBTransport;
				MODULE_VERSION = 1.0.0;
				PRODUCT_BUNDLE_IDENTIFIER = com.cjiang.IntelBluetoothHostControllerUSBTransport;
				PRODUCT_NAME = "$(TARGET_NAME)";
				RUN_CLANG_STATIC_ANALYZER = YES;
				WRAPPER_EXTENSION = kext;
			};
			name = Catalina;
		};
/* End XCBuildConfiguration section */

/* Begin XCConfigurationList section */
		500F70BA273E945E00B1FBD2 /* Build configuration list for PBXProject "IntelBluetoothHostControllerUSBTransport" */ = {
			isa = XCConfigurationList;
			buildConfigurations = (
				500F70C8273E945E00B1FBD2 /* Catalina */,
				5040DB522740C63600D2B548 /* Big Sur */,
			);
			defaultConfigurationIsVisible = 0;
			defaultConfigurationName = Catalina;
		};
		50A4D72A273FA7F000ABE8E1 /* Build configuration list for PBXNativeTarget "IntelBluetoothHostControllerUSBTransport" */ = {
			isa = XCConfigurationList;
			buildConfigurations = (
				50A4D72B273FA7F000ABE8E1 /* Catalina */,
				5040DB532740C63600D2B548 /* Big Sur */,
			);
			defaultConfigurationIsVisible = 0;
			defaultConfigurationName = Catalina;
		};
/* End XCConfigurationList section */
	};
	rootObject = 500F70B7273E945E00B1FBD2 /* Project object */;
}
