<?xml version="1.0" encoding="UTF-8"?>
<Scheme
   LastUpgradeVersion = "1310"
   version = "1.3">
   <BuildAction
      parallelizeBuildables = "YES"
      buildImplicitDependencies = "YES">
      <BuildActionEntries>
         <BuildActionEntry
            buildForTesting = "NO"
            buildForRunning = "YES"
            buildForProfiling = "NO"
            buildForArchiving = "YES"
            buildForAnalyzing = "YES">
            <BuildableReference
               BuildableIdentifier = "primary"
               BlueprintIdentifier = "50BDB5E7273F862000DED64C"
               BuildableName = "IntelBluetoothFamily.kext"
               BlueprintName = "IntelBluetoothFamily"
               ReferencedContainer = "container:HostController/IntelBluetoothHostController.xcodeproj">
            </BuildableReference>
         </BuildActionEntry>
      </BuildActionEntries>
   </BuildAction>
   <TestAction
      buildConfiguration = "High Sierra"
      selectedDebuggerIdentifier = "Xcode.DebuggerFoundation.Debugger.LLDB"
      selectedLauncherIdentifier = "Xcode.DebuggerFoundation.Launcher.LLDB"
      shouldUseLaunchSchemeArgsEnv = "YES">
      <Testables>
      </Testables>
   </TestAction>
   <LaunchAction
      buildConfiguration = "High Sierra"
      selectedDebuggerIdentifier = "Xcode.DebuggerFoundation.Debugger.LLDB"
      selectedLauncherIdentifier = "Xcode.DebuggerFoundation.Launcher.LLDB"
      launchStyle = "0"
      useCustomWorkingDirectory = "NO"
      ignoresPersistentStateOnLaunch = "NO"
      debugDocumentVersioning = "YES"
      debugServiceExtension = "internal"
      allowLocationSimulation = "YES">
   </LaunchAction>
   <ProfileAction
      buildConfiguration = "High Sierra"
      shouldUseLaunchSchemeArgsEnv = "YES"
      savedToolIdentifier = ""
      useCustomWorkingDirectory = "NO"
      debugDocumentVersioning = "YES">
   </ProfileAction>
   <AnalyzeAction
      buildConfiguration = "High Sierra">
   </AnalyzeAction>
   <ArchiveAction
      buildConfiguration = "High Sierra"
      revealArchiveInOrganizer = "YES">
   </ArchiveAction>
</Scheme>
